
Microsoft Visual Studio Solution File, Format Version 12.00
# Visual Studio Version 17
VisualStudioVersion = 17.12.35209.166
MinimumVisualStudioVersion = 10.0.40219.1
Project("{FAE04EC0-301F-11D3-BF4B-00C04F79EFBC}") = "TienSuToCoffee", "TienSuToCoffee.csproj", "{86801BD8-3D21-41CA-8E89-8E77BE6030F0}"
EndProject
Global
	GlobalSection(SolutionConfigurationPlatforms) = preSolution
		Debug|Any CPU = Debug|Any CPU
		Release|Any CPU = Release|Any CPU
	EndGlobalSection
	GlobalSection(ProjectConfigurationPlatforms) = postSolution
		{86801BD8-3D21-41CA-8E89-8E77BE6030F0}.Debug|Any CPU.ActiveCfg = Debug|Any CPU
		{86801BD8-3D21-41CA-8E89-8E77BE6030F0}.Debug|Any CPU.Build.0 = Debug|Any CPU
		{86801BD8-3D21-41CA-8E89-8E77BE6030F0}.Release|Any CPU.ActiveCfg = Release|Any CPU
		{86801BD8-3D21-41CA-8E89-8E77BE6030F0}.Release|Any CPU.Build.0 = Release|Any CPU
	EndGlobalSection
	GlobalSection(SolutionProperties) = preSolution
		HideSolutionNode = FALSE
	EndGlobalSection
	GlobalSection(ExtensibilityGlobals) = postSolution
		SolutionGuid = {F7595CDF-01C6-4D72-8AFE-3B4F79468701}
	EndGlobalSection
EndGlobal
